
Microsoft Visual Studio Solution File, Format Version 12.00
# Visual Studio Version 16
VisualStudioVersion = 16.0.29326.143
MinimumVisualStudioVersion = 10.0.40219.1
Project("{9A19103F-16F7-4668-BE54-9A1E7A4F7556}") = "1.HelloWorld", "1.HelloWorld\1.HelloWorld.csproj", "{F50C1586-64CF-4B8A-B3F4-31064309E367}"
EndProject
Project("{FAE04EC0-301F-11D3-BF4B-00C04F79EFBC}") = "2.ArithmeticOperations", "2.ArithmeticOperations\2.ArithmeticOperations.csproj", "{070032A4-F8DA-4231-AB74-810000C7EB30}"
EndProject
Project("{FAE04EC0-301F-11D3-BF4B-00C04F79EFBC}") = "3.GenerationOfArray", "3.GenerationOfArray\3.GenerationOfArray.csproj", "{68B360F1-F2F5-4247-B555-274BC1E3323C}"
EndProject
Project("{FAE04EC0-301F-11D3-BF4B-00C04F79EFBC}") = "4.SortOfArray", "4.SortOfArray\4.SortOfArray.csproj", "{1C842CBC-D749-4017-B22A-5412D0520AD6}"
EndProject
Project("{9A19103F-16F7-4668-BE54-9A1E7A4F7556}") = "5.Formula", "5.Formula\5.Formula.csproj", "{969B4938-6A0D-4587-BDDD-DC56614C0C98}"
EndProject
Project("{9A19103F-16F7-4668-BE54-9A1E7A4F7556}") = "6.TextProcessing", "6.TextProcessing\6.TextProcessing.csproj", "{CF9A3C40-DA03-46A0-A85E-41D24497A6F3}"
EndProject
Global
	GlobalSection(SolutionConfigurationPlatforms) = preSolution
		Debug|Any CPU = Debug|Any CPU
		Release|Any CPU = Release|Any CPU
	EndGlobalSection
	GlobalSection(ProjectConfigurationPlatforms) = postSolution
		{F50C1586-64CF-4B8A-B3F4-31064309E367}.Debug|Any CPU.ActiveCfg = Debug|Any CPU
		{F50C1586-64CF-4B8A-B3F4-31064309E367}.Debug|Any CPU.Build.0 = Debug|Any CPU
		{F50C1586-64CF-4B8A-B3F4-31064309E367}.Release|Any CPU.ActiveCfg = Release|Any CPU
		{F50C1586-64CF-4B8A-B3F4-31064309E367}.Release|Any CPU.Build.0 = Release|Any CPU
		{070032A4-F8DA-4231-AB74-810000C7EB30}.Debug|Any CPU.ActiveCfg = Debug|Any CPU
		{070032A4-F8DA-4231-AB74-810000C7EB30}.Debug|Any CPU.Build.0 = Debug|Any CPU
		{070032A4-F8DA-4231-AB74-810000C7EB30}.Release|Any CPU.ActiveCfg = Release|Any CPU
		{070032A4-F8DA-4231-AB74-810000C7EB30}.Release|Any CPU.Build.0 = Release|Any CPU
		{68B360F1-F2F5-4247-B555-274BC1E3323C}.Debug|Any CPU.ActiveCfg = Debug|Any CPU
		{68B360F1-F2F5-4247-B555-274BC1E3323C}.Debug|Any CPU.Build.0 = Debug|Any CPU
		{68B360F1-F2F5-4247-B555-274BC1E3323C}.Release|Any CPU.ActiveCfg = Release|Any CPU
		{68B360F1-F2F5-4247-B555-274BC1E3323C}.Release|Any CPU.Build.0 = Release|Any CPU
		{1C842CBC-D749-4017-B22A-5412D0520AD6}.Debug|Any CPU.ActiveCfg = Debug|Any CPU
		{1C842CBC-D749-4017-B22A-5412D0520AD6}.Debug|Any CPU.Build.0 = Debug|Any CPU
		{1C842CBC-D749-4017-B22A-5412D0520AD6}.Release|Any CPU.ActiveCfg = Release|Any CPU
		{1C842CBC-D749-4017-B22A-5412D0520AD6}.Release|Any CPU.Build.0 = Release|Any CPU
		{969B4938-6A0D-4587-BDDD-DC56614C0C98}.Debug|Any CPU.ActiveCfg = Debug|Any CPU
		{969B4938-6A0D-4587-BDDD-DC56614C0C98}.Debug|Any CPU.Build.0 = Debug|Any CPU
		{969B4938-6A0D-4587-BDDD-DC56614C0C98}.Release|Any CPU.ActiveCfg = Release|Any CPU
		{969B4938-6A0D-4587-BDDD-DC56614C0C98}.Release|Any CPU.Build.0 = Release|Any CPU
		{CF9A3C40-DA03-46A0-A85E-41D24497A6F3}.Debug|Any CPU.ActiveCfg = Debug|Any CPU
		{CF9A3C40-DA03-46A0-A85E-41D24497A6F3}.Debug|Any CPU.Build.0 = Debug|Any CPU
		{CF9A3C40-DA03-46A0-A85E-41D24497A6F3}.Release|Any CPU.ActiveCfg = Release|Any CPU
		{CF9A3C40-DA03-46A0-A85E-41D24497A6F3}.Release|Any CPU.Build.0 = Release|Any CPU
	EndGlobalSection
	GlobalSection(SolutionProperties) = preSolution
		HideSolutionNode = FALSE
	EndGlobalSection
	GlobalSection(ExtensibilityGlobals) = postSolution
		SolutionGuid = {C5AC16AB-7E0F-4F8D-9DB7-0D234DD206B2}
	EndGlobalSection
EndGlobal
