
Microsoft Visual Studio Solution File, Format Version 12.00
# Visual Studio Version 16
VisualStudioVersion = 16.0.29613.14
MinimumVisualStudioVersion = 10.0.40219.1
Project("{9A19103F-16F7-4668-BE54-9A1E7A4F7556}") = "Sorrow", "Sorrow\Sorrow.csproj", "{F3FC4E9E-61C9-46B6-8A2E-1A508E5D7613}"
EndProject
Project("{9A19103F-16F7-4668-BE54-9A1E7A4F7556}") = "Task", "Task\Task.csproj", "{B1F26E0F-2B10-406C-83EE-9B2C8AD6C795}"
EndProject
Global
	GlobalSection(SolutionConfigurationPlatforms) = preSolution
		Debug|Any CPU = Debug|Any CPU
		Release|Any CPU = Release|Any CPU
	EndGlobalSection
	GlobalSection(ProjectConfigurationPlatforms) = postSolution
		{F3FC4E9E-61C9-46B6-8A2E-1A508E5D7613}.Debug|Any CPU.ActiveCfg = Debug|Any CPU
		{F3FC4E9E-61C9-46B6-8A2E-1A508E5D7613}.Debug|Any CPU.Build.0 = Debug|Any CPU
		{F3FC4E9E-61C9-46B6-8A2E-1A508E5D7613}.Release|Any CPU.ActiveCfg = Release|Any CPU
		{F3FC4E9E-61C9-46B6-8A2E-1A508E5D7613}.Release|Any CPU.Build.0 = Release|Any CPU
		{B1F26E0F-2B10-406C-83EE-9B2C8AD6C795}.Debug|Any CPU.ActiveCfg = Debug|Any CPU
		{B1F26E0F-2B10-406C-83EE-9B2C8AD6C795}.Debug|Any CPU.Build.0 = Debug|Any CPU
		{B1F26E0F-2B10-406C-83EE-9B2C8AD6C795}.Release|Any CPU.ActiveCfg = Release|Any CPU
		{B1F26E0F-2B10-406C-83EE-9B2C8AD6C795}.Release|Any CPU.Build.0 = Release|Any CPU
	EndGlobalSection
	GlobalSection(SolutionProperties) = preSolution
		HideSolutionNode = FALSE
	EndGlobalSection
	GlobalSection(ExtensibilityGlobals) = postSolution
		SolutionGuid = {6BE8E93F-9D4E-42BF-87D4-5653560CDEAE}
	EndGlobalSection
EndGlobal
