
Microsoft Visual Studio Solution File, Format Version 12.00
# Visual Studio Version 16
VisualStudioVersion = 16.0.29613.14
MinimumVisualStudioVersion = 10.0.40219.1
Project("{9A19103F-16F7-4668-BE54-9A1E7A4F7556}") = "Task_1", "Task_1\Task_1.csproj", "{32E6D997-9473-471F-A8F8-9012DD509983}"
EndProject
Project("{9A19103F-16F7-4668-BE54-9A1E7A4F7556}") = "Task_2", "Task_2\Task_2.csproj", "{3B8E72A1-E073-4B51-9CCC-376755853EC3}"
EndProject
Project("{9A19103F-16F7-4668-BE54-9A1E7A4F7556}") = "Task_3", "Task_3\Task_3.csproj", "{7925BE2A-F981-475F-B934-A1A0D4022F21}"
EndProject
Project("{9A19103F-16F7-4668-BE54-9A1E7A4F7556}") = "Task_4", "Task_4\Task_4.csproj", "{B725191D-3D41-4B4D-9F0A-0E067EEBE17C}"
EndProject
Project("{FAE04EC0-301F-11D3-BF4B-00C04F79EFBC}") = "Tk_4_EagerLoading", "T_4_EagerLoading\Tk_4_EagerLoading.csproj", "{29DAAA18-EF2D-408D-AC9A-2F5FE3D2FE06}"
EndProject
Project("{FAE04EC0-301F-11D3-BF4B-00C04F79EFBC}") = "Tk_4_ExplicitLoading", "Tk_4_ExplicitLoading\Tk_4_ExplicitLoading.csproj", "{C3F5E0E2-C055-43FA-9071-6F47B11F6462}"
EndProject
Project("{FAE04EC0-301F-11D3-BF4B-00C04F79EFBC}") = "Tk_4_LazyLoading", "T_4_LazyLoading\Tk_4_LazyLoading.csproj", "{73D853E7-7988-4A1A-8B25-2937D89E4C6C}"
EndProject
Global
	GlobalSection(SolutionConfigurationPlatforms) = preSolution
		Debug|Any CPU = Debug|Any CPU
		Release|Any CPU = Release|Any CPU
	EndGlobalSection
	GlobalSection(ProjectConfigurationPlatforms) = postSolution
		{32E6D997-9473-471F-A8F8-9012DD509983}.Debug|Any CPU.ActiveCfg = Debug|Any CPU
		{32E6D997-9473-471F-A8F8-9012DD509983}.Debug|Any CPU.Build.0 = Debug|Any CPU
		{32E6D997-9473-471F-A8F8-9012DD509983}.Release|Any CPU.ActiveCfg = Release|Any CPU
		{32E6D997-9473-471F-A8F8-9012DD509983}.Release|Any CPU.Build.0 = Release|Any CPU
		{3B8E72A1-E073-4B51-9CCC-376755853EC3}.Debug|Any CPU.ActiveCfg = Debug|Any CPU
		{3B8E72A1-E073-4B51-9CCC-376755853EC3}.Debug|Any CPU.Build.0 = Debug|Any CPU
		{3B8E72A1-E073-4B51-9CCC-376755853EC3}.Release|Any CPU.ActiveCfg = Release|Any CPU
		{3B8E72A1-E073-4B51-9CCC-376755853EC3}.Release|Any CPU.Build.0 = Release|Any CPU
		{7925BE2A-F981-475F-B934-A1A0D4022F21}.Debug|Any CPU.ActiveCfg = Debug|Any CPU
		{7925BE2A-F981-475F-B934-A1A0D4022F21}.Debug|Any CPU.Build.0 = Debug|Any CPU
		{7925BE2A-F981-475F-B934-A1A0D4022F21}.Release|Any CPU.ActiveCfg = Release|Any CPU
		{7925BE2A-F981-475F-B934-A1A0D4022F21}.Release|Any CPU.Build.0 = Release|Any CPU
		{B725191D-3D41-4B4D-9F0A-0E067EEBE17C}.Debug|Any CPU.ActiveCfg = Debug|Any CPU
		{B725191D-3D41-4B4D-9F0A-0E067EEBE17C}.Debug|Any CPU.Build.0 = Debug|Any CPU
		{B725191D-3D41-4B4D-9F0A-0E067EEBE17C}.Release|Any CPU.ActiveCfg = Release|Any CPU
		{B725191D-3D41-4B4D-9F0A-0E067EEBE17C}.Release|Any CPU.Build.0 = Release|Any CPU
		{29DAAA18-EF2D-408D-AC9A-2F5FE3D2FE06}.Debug|Any CPU.ActiveCfg = Debug|Any CPU
		{29DAAA18-EF2D-408D-AC9A-2F5FE3D2FE06}.Debug|Any CPU.Build.0 = Debug|Any CPU
		{29DAAA18-EF2D-408D-AC9A-2F5FE3D2FE06}.Release|Any CPU.ActiveCfg = Release|Any CPU
		{29DAAA18-EF2D-408D-AC9A-2F5FE3D2FE06}.Release|Any CPU.Build.0 = Release|Any CPU
		{C3F5E0E2-C055-43FA-9071-6F47B11F6462}.Debug|Any CPU.ActiveCfg = Debug|Any CPU
		{C3F5E0E2-C055-43FA-9071-6F47B11F6462}.Debug|Any CPU.Build.0 = Debug|Any CPU
		{C3F5E0E2-C055-43FA-9071-6F47B11F6462}.Release|Any CPU.ActiveCfg = Release|Any CPU
		{C3F5E0E2-C055-43FA-9071-6F47B11F6462}.Release|Any CPU.Build.0 = Release|Any CPU
		{73D853E7-7988-4A1A-8B25-2937D89E4C6C}.Debug|Any CPU.ActiveCfg = Debug|Any CPU
		{73D853E7-7988-4A1A-8B25-2937D89E4C6C}.Debug|Any CPU.Build.0 = Debug|Any CPU
		{73D853E7-7988-4A1A-8B25-2937D89E4C6C}.Release|Any CPU.ActiveCfg = Release|Any CPU
		{73D853E7-7988-4A1A-8B25-2937D89E4C6C}.Release|Any CPU.Build.0 = Release|Any CPU
	EndGlobalSection
	GlobalSection(SolutionProperties) = preSolution
		HideSolutionNode = FALSE
	EndGlobalSection
	GlobalSection(ExtensibilityGlobals) = postSolution
		SolutionGuid = {C0291211-CC96-4D5A-AD31-6B11B4D956E1}
	EndGlobalSection
EndGlobal
