
Microsoft Visual Studio Solution File, Format Version 12.00
# Visual Studio Version 16
VisualStudioVersion = 16.0.29519.87
MinimumVisualStudioVersion = 10.0.40219.1
Project("{FAE04EC0-301F-11D3-BF4B-00C04F79EFBC}") = "0_sample", "0_sample\0_sample.csproj", "{820AD357-FCB7-40A7-A6B9-31271FDB2D21}"
EndProject
Project("{FAE04EC0-301F-11D3-BF4B-00C04F79EFBC}") = "1_hello", "1_hello\1_hello.csproj", "{28EA6321-BA40-4E25-8465-DE54A5082EFD}"
EndProject
Project("{FAE04EC0-301F-11D3-BF4B-00C04F79EFBC}") = "2_formula_methodUse", "3_formula_methodUse\2_formula_methodUse.csproj", "{CBB05679-2EC4-4355-895A-39BF5A7B34F2}"
EndProject
Project("{FAE04EC0-301F-11D3-BF4B-00C04F79EFBC}") = "3_formula_usingMap", "3_formula_usingMap\3_formula_usingMap.csproj", "{A6D09C38-1FE7-4C7D-8F71-7F0D04FCC241}"
EndProject
Global
	GlobalSection(SolutionConfigurationPlatforms) = preSolution
		Debug|Any CPU = Debug|Any CPU
		Release|Any CPU = Release|Any CPU
	EndGlobalSection
	GlobalSection(ProjectConfigurationPlatforms) = postSolution
		{820AD357-FCB7-40A7-A6B9-31271FDB2D21}.Debug|Any CPU.ActiveCfg = Debug|Any CPU
		{820AD357-FCB7-40A7-A6B9-31271FDB2D21}.Debug|Any CPU.Build.0 = Debug|Any CPU
		{820AD357-FCB7-40A7-A6B9-31271FDB2D21}.Release|Any CPU.ActiveCfg = Release|Any CPU
		{820AD357-FCB7-40A7-A6B9-31271FDB2D21}.Release|Any CPU.Build.0 = Release|Any CPU
		{28EA6321-BA40-4E25-8465-DE54A5082EFD}.Debug|Any CPU.ActiveCfg = Debug|Any CPU
		{28EA6321-BA40-4E25-8465-DE54A5082EFD}.Debug|Any CPU.Build.0 = Debug|Any CPU
		{28EA6321-BA40-4E25-8465-DE54A5082EFD}.Release|Any CPU.ActiveCfg = Release|Any CPU
		{28EA6321-BA40-4E25-8465-DE54A5082EFD}.Release|Any CPU.Build.0 = Release|Any CPU
		{CBB05679-2EC4-4355-895A-39BF5A7B34F2}.Debug|Any CPU.ActiveCfg = Debug|Any CPU
		{CBB05679-2EC4-4355-895A-39BF5A7B34F2}.Debug|Any CPU.Build.0 = Debug|Any CPU
		{CBB05679-2EC4-4355-895A-39BF5A7B34F2}.Release|Any CPU.ActiveCfg = Release|Any CPU
		{CBB05679-2EC4-4355-895A-39BF5A7B34F2}.Release|Any CPU.Build.0 = Release|Any CPU
		{A6D09C38-1FE7-4C7D-8F71-7F0D04FCC241}.Debug|Any CPU.ActiveCfg = Debug|Any CPU
		{A6D09C38-1FE7-4C7D-8F71-7F0D04FCC241}.Debug|Any CPU.Build.0 = Debug|Any CPU
		{A6D09C38-1FE7-4C7D-8F71-7F0D04FCC241}.Release|Any CPU.ActiveCfg = Release|Any CPU
		{A6D09C38-1FE7-4C7D-8F71-7F0D04FCC241}.Release|Any CPU.Build.0 = Release|Any CPU
	EndGlobalSection
	GlobalSection(SolutionProperties) = preSolution
		HideSolutionNode = FALSE
	EndGlobalSection
	GlobalSection(ExtensibilityGlobals) = postSolution
		SolutionGuid = {0F00E62B-61FF-4B2A-A340-F1147632C57D}
	EndGlobalSection
EndGlobal
